
Microsoft Visual Studio Solution File, Format Version 12.00
# Visual Studio Version 17
VisualStudioVersion = 17.8.34316.72
MinimumVisualStudioVersion = 10.0.40219.1
Project("{FAE04EC0-301F-11D3-BF4B-00C04F79EFBC}") = "ADO", "ADO\ADO.csproj", "{B42D455B-8FD9-4CFA-A6B5-A15D452C6B48}"
EndProject
Global
	GlobalSection(SolutionConfigurationPlatforms) = preSolution
		Debug|Any CPU = Debug|Any CPU
		Release|Any CPU = Release|Any CPU
	EndGlobalSection
	GlobalSection(ProjectConfigurationPlatforms) = postSolution
		{B42D455B-8FD9-4CFA-A6B5-A15D452C6B48}.Debug|Any CPU.ActiveCfg = Debug|Any CPU
		{B42D455B-8FD9-4CFA-A6B5-A15D452C6B48}.Debug|Any CPU.Build.0 = Debug|Any CPU
		{B42D455B-8FD9-4CFA-A6B5-A15D452C6B48}.Release|Any CPU.ActiveCfg = Release|Any CPU
		{B42D455B-8FD9-4CFA-A6B5-A15D452C6B48}.Release|Any CPU.Build.0 = Release|Any CPU
	EndGlobalSection
	GlobalSection(SolutionProperties) = preSolution
		HideSolutionNode = FALSE
	EndGlobalSection
	GlobalSection(ExtensibilityGlobals) = postSolution
		SolutionGuid = {04717007-09D9-43A7-BBF8-6F3D47EDD72A}
	EndGlobalSection
EndGlobal
